
Microsoft Visual Studio Solution File, Format Version 12.00
# Visual Studio Version 17
VisualStudioVersion = 17.13.35931.197 d17.13
MinimumVisualStudioVersion = 10.0.40219.1
Project("{FAE04EC0-301F-11D3-BF4B-00C04F79EFBC}") = "ModernSoftwareApp", "ModernSoftwareApp\ModernSoftwareApp.csproj", "{7B0687AE-1B09-400C-9209-84E7D4BEBBFD}"
EndProject
Project("{FAE04EC0-301F-11D3-BF4B-00C04F79EFBC}") = "ModernSoftwareApp.Tests", "ModernSoftwareApp.Tests\ModernSoftwareApp.Tests.csproj", "{A4B1CFA8-95B9-4C98-A853-0D2A5FBF2513}"
EndProject
Global
	GlobalSection(SolutionConfigurationPlatforms) = preSolution
		Debug|Any CPU = Debug|Any CPU
		Release|Any CPU = Release|Any CPU
	EndGlobalSection
	GlobalSection(ProjectConfigurationPlatforms) = postSolution
		{7B0687AE-1B09-400C-9209-84E7D4BEBBFD}.Debug|Any CPU.ActiveCfg = Debug|Any CPU
		{7B0687AE-1B09-400C-9209-84E7D4BEBBFD}.Debug|Any CPU.Build.0 = Debug|Any CPU
		{7B0687AE-1B09-400C-9209-84E7D4BEBBFD}.Release|Any CPU.ActiveCfg = Release|Any CPU
		{7B0687AE-1B09-400C-9209-84E7D4BEBBFD}.Release|Any CPU.Build.0 = Release|Any CPU
		{A4B1CFA8-95B9-4C98-A853-0D2A5FBF2513}.Debug|Any CPU.ActiveCfg = Debug|Any CPU
		{A4B1CFA8-95B9-4C98-A853-0D2A5FBF2513}.Debug|Any CPU.Build.0 = Debug|Any CPU
		{A4B1CFA8-95B9-4C98-A853-0D2A5FBF2513}.Release|Any CPU.ActiveCfg = Release|Any CPU
		{A4B1CFA8-95B9-4C98-A853-0D2A5FBF2513}.Release|Any CPU.Build.0 = Release|Any CPU
	EndGlobalSection
	GlobalSection(SolutionProperties) = preSolution
		HideSolutionNode = FALSE
	EndGlobalSection
	GlobalSection(ExtensibilityGlobals) = postSolution
		SolutionGuid = {1AAC627D-A32E-40C8-BC84-3154221BDA8B}
	EndGlobalSection
EndGlobal
